
Microsoft Visual Studio Solution File, Format Version 12.00
# Visual Studio Version 16
VisualStudioVersion = 16.0.30611.23
MinimumVisualStudioVersion = 10.0.40219.1
Project("{FAE04EC0-301F-11D3-BF4B-00C04F79EFBC}") = "Mechanical-Workshop-Management-System", "Mechanical-Workshop-Management-System.csproj", "{BD89DFBD-29EF-44E8-87FC-24755DA72C6A}"
EndProject
Global
	GlobalSection(SolutionConfigurationPlatforms) = preSolution
		Debug|Any CPU = Debug|Any CPU
		Release|Any CPU = Release|Any CPU
	EndGlobalSection
	GlobalSection(ProjectConfigurationPlatforms) = postSolution
		{BD89DFBD-29EF-44E8-87FC-24755DA72C6A}.Debug|Any CPU.ActiveCfg = Debug|Any CPU
		{BD89DFBD-29EF-44E8-87FC-24755DA72C6A}.Debug|Any CPU.Build.0 = Debug|Any CPU
		{BD89DFBD-29EF-44E8-87FC-24755DA72C6A}.Release|Any CPU.ActiveCfg = Release|Any CPU
		{BD89DFBD-29EF-44E8-87FC-24755DA72C6A}.Release|Any CPU.Build.0 = Release|Any CPU
	EndGlobalSection
	GlobalSection(SolutionProperties) = preSolution
		HideSolutionNode = FALSE
	EndGlobalSection
	GlobalSection(ExtensibilityGlobals) = postSolution
		SolutionGuid = {DC675CA8-7B35-4B31-8110-6C76E01C37F5}
	EndGlobalSection
EndGlobal
